// !$*UTF8*$!
{
	archiveVersion = 1;
	classes = {
	};
	objectVersion = 77;
	objects = {

/* Begin PBXBuildFile section */
		3894FA842EBB56D9004AB953 /* .gitignore in Resources */ = {isa = PBXBuildFile; fileRef = 3894FA832EBB56D1004AB953 /* .gitignore */; };
/* End PBXBuildFile section */

/* Begin PBXContainerItemProxy section */
		3894FA632EBB4B59004AB953 /* PBXContainerItemProxy */ = {
			isa = PBXContainerItemProxy;
			containerPortal = 3894FA4D2EBB4B57004AB953 /* Project object */;
			proxyType = 1;
			remoteGlobalIDString = 3894FA542EBB4B57004AB953;
			remoteInfo = My_Birdle;
		};
		3894FA6D2EBB4B59004AB953 /* PBXContainerItemProxy */ = {
			isa = PBXContainerItemProxy;
			containerPortal = 3894FA4D2EBB4B57004AB953 /* Project object */;
			proxyType = 1;
			remoteGlobalIDString = 3894FA542EBB4B57004AB953;
			remoteInfo = My_Birdle;
		};
/* End PBXContainerItemProxy section */

/* Begin PBXFileReference section */
		3894FA552EBB4B57004AB953 /* My_Birdle.app */ = {isa = PBXFileReference; explicitFileType = wrapper.application; includeInIndex = 0; path = My_Birdle.app; sourceTree = BUILT_PRODUCTS_DIR; };
		3894FA622EBB4B59004AB953 /* My_BirdleTests.xctest */ = {isa = PBXFileReference; explicitFileType = wrapper.cfbundle; includeInIndex = 0; path = My_BirdleTests.xctest; sourceTree = BUILT_PRODUCTS_DIR; };
		3894FA6C2EBB4B59004AB953 /* My_BirdleUITests.xctest */ = {isa = PBXFileReference; explicitFileType = wrapper.cfbundle; includeInIndex = 0; path = My_BirdleUITests.xctest; sourceTree = BUILT_PRODUCTS_DIR; };
		3894FA832EBB56D1004AB953 /* .gitignore */ = {isa = PBXFileReference; lastKnownFileType = text; path = .gitignore; sourceTree = "<group>"; };
/* End PBXFileReference section */

/* Begin PBXFileSystemSynchronizedRootGroup section */
		3894FA572EBB4B57004AB953 /* My_Birdle */ = {
			isa = PBXFileSystemSynchronizedRootGroup;
			path = My_Birdle;
			sourceTree = "<group>";
		};
		3894FA652EBB4B59004AB953 /* My_BirdleTests */ = {
			isa = PBXFileSystemSynchronizedRootGroup;
			path = My_BirdleTests;
			sourceTree = "<group>";
		};
		3894FA6F2EBB4B59004AB953 /* My_BirdleUITests */ = {
			isa = PBXFileSystemSynchronizedRootGroup;
			path = My_BirdleUITests;
			sourceTree = "<group>";
		};
/* End PBXFileSystemSynchronizedRootGroup section */

/* Begin PBXFrameworksBuildPhase section */
		3894FA522EBB4B57004AB953 /* Frameworks */ = {
			isa = PBXFrameworksBuildPhase;
			buildActionMask = 2147483647;
			files = (
			);
			runOnlyForDeploymentPostprocessing = 0;
		};
		3894FA5F2EBB4B59004AB953 /* Frameworks */ = {
			isa = PBXFrameworksBuildPhase;
			buildActionMask = 2147483647;
			files = (
			);
			runOnlyForDeploymentPostprocessing = 0;
		};
		3894FA692EBB4B59004AB953 /* Frameworks */ = {
			isa = PBXFrameworksBuildPhase;
			buildActionMask = 2147483647;
			files = (
			);
			runOnlyForDeploymentPostprocessing = 0;
		};
/* End PBXFrameworksBuildPhase section */

/* Begin PBXGroup section */
		3894FA4C2EBB4B57004AB953 = {
			isa = PBXGroup;
			children = (
				3894FA832EBB56D1004AB953 /* .gitignore */,
				3894FA572EBB4B57004AB953 /* My_Birdle */,
				3894FA652EBB4B59004AB953 /* My_BirdleTests */,
				3894FA6F2EBB4B59004AB953 /* My_BirdleUITests */,
				3894FA562EBB4B57004AB953 /* Products */,
			);
			sourceTree = "<group>";
		};
		3894FA562EBB4B57004AB953 /* Products */ = {
			isa = PBXGroup;
			children = (
				3894FA552EBB4B57004AB953 /* My_Birdle.app */,
				3894FA622EBB4B59004AB953 /* My_BirdleTests.xctest */,
				3894FA6C2EBB4B59004AB953 /* My_BirdleUITests.xctest */,
			);
			name = Products;
			sourceTree = "<group>";
		};
/* End PBXGroup section */

/* Begin PBXNativeTarget section */
		3894FA542EBB4B57004AB953 /* My_Birdle */ = {
			isa = PBXNativeTarget;
			buildConfigurationList = 3894FA762EBB4B59004AB953 /* Build configuration list for PBXNativeTarget "My_Birdle" */;
			buildPhases = (
				3894FA512EBB4B57004AB953 /* Sources */,
				3894FA522EBB4B57004AB953 /* Frameworks */,
				3894FA532EBB4B57004AB953 /* Resources */,
			);
			buildRules = (
			);
			dependencies = (
			);
			fileSystemSynchronizedGroups = (
				3894FA572EBB4B57004AB953 /* My_Birdle */,
			);
			name = My_Birdle;
			packageProductDependencies = (
			);
			productName = My_Birdle;
			productReference = 3894FA552EBB4B57004AB953 /* My_Birdle.app */;
			productType = "com.apple.product-type.application";
		};
		3894FA612EBB4B59004AB953 /* My_BirdleTests */ = {
			isa = PBXNativeTarget;
			buildConfigurationList = 3894FA792EBB4B59004AB953 /* Build configuration list for PBXNativeTarget "My_BirdleTests" */;
			buildPhases = (
				3894FA5E2EBB4B59004AB953 /* Sources */,
				3894FA5F2EBB4B59004AB953 /* Frameworks */,
				3894FA602EBB4B59004AB953 /* Resources */,
			);
			buildRules = (
			);
			dependencies = (
				3894FA642EBB4B59004AB953 /* PBXTargetDependency */,
			);
			fileSystemSynchronizedGroups = (
				3894FA652EBB4B59004AB953 /* My_BirdleTests */,
			);
			name = My_BirdleTests;
			packageProductDependencies = (
			);
			productName = My_BirdleTests;
			productReference = 3894FA622EBB4B59004AB953 /* My_BirdleTests.xctest */;
			productType = "com.apple.product-type.bundle.unit-test";
		};
		3894FA6B2EBB4B59004AB953 /* My_BirdleUITests */ = {
			isa = PBXNativeTarget;
			buildConfigurationList = 3894FA7C2EBB4B59004AB953 /* Build configuration list for PBXNativeTarget "My_BirdleUITests" */;
			buildPhases = (
				3894FA682EBB4B59004AB953 /* Sources */,
				3894FA692EBB4B59004AB953 /* Frameworks */,
				3894FA6A2EBB4B59004AB953 /* Resources */,
			);
			buildRules = (
			);
			dependencies = (
				3894FA6E2EBB4B59004AB953 /* PBXTargetDependency */,
			);
			fileSystemSynchronizedGroups = (
				3894FA6F2EBB4B59004AB953 /* My_BirdleUITests */,
			);
			name = My_BirdleUITests;
			packageProductDependencies = (
			);
			productName = My_BirdleUITests;
			productReference = 3894FA6C2EBB4B59004AB953 /* My_BirdleUITests.xctest */;
			productType = "com.apple.product-type.bundle.ui-testing";
		};
/* End PBXNativeTarget section */

/* Begin PBXProject section */
		3894FA4D2EBB4B57004AB953 /* Project object */ = {
			isa = PBXProject;
			attributes = {
				BuildIndependentTargetsInParallel = 1;
				LastSwiftUpdateCheck = 1640;
				LastUpgradeCheck = 1640;
				TargetAttributes = {
					3894FA542EBB4B57004AB953 = {
						CreatedOnToolsVersion = 16.4;
					};
					3894FA612EBB4B59004AB953 = {
						CreatedOnToolsVersion = 16.4;
						TestTargetID = 3894FA542EBB4B57004AB953;
					};
					3894FA6B2EBB4B59004AB953 = {
						CreatedOnToolsVersion = 16.4;
						TestTargetID = 3894FA542EBB4B57004AB953;
					};
				};
			};
			buildConfigurationList = 3894FA502EBB4B57004AB953 /* Build configuration list for PBXProject "My_Birdle" */;
			developmentRegion = en;
			hasScannedForEncodings = 0;
			knownRegions = (
				en,
				Base,
			);
			mainGroup = 3894FA4C2EBB4B57004AB953;
			minimizedProjectReferenceProxies = 1;
			preferredProjectObjectVersion = 77;
			productRefGroup = 3894FA562EBB4B57004AB953 /* Products */;
			projectDirPath = "";
			projectRoot = "";
			targets = (
				3894FA542EBB4B57004AB953 /* My_Birdle */,
				3894FA612EBB4B59004AB953 /* My_BirdleTests */,
				3894FA6B2EBB4B59004AB953 /* My_BirdleUITests */,
			);
		};
/* End PBXProject section */

/* Begin PBXResourcesBuildPhase section */
		3894FA532EBB4B57004AB953 /* Resources */ = {
			isa = PBXResourcesBuildPhase;
			buildActionMask = 2147483647;
			files = (
				3894FA842EBB56D9004AB953 /* .gitignore in Resources */,
			);
			runOnlyForDeploymentPostprocessing = 0;
		};
		3894FA602EBB4B59004AB953 /* Resources */ = {
			isa = PBXResourcesBuildPhase;
			buildActionMask = 2147483647;
			files = (
			);
			runOnlyForDeploymentPostprocessing = 0;
		};
		3894FA6A2EBB4B59004AB953 /* Resources */ = {
			isa = PBXResourcesBuildPhase;
			buildActionMask = 2147483647;
			files = (
			);
			runOnlyForDeploymentPostprocessing = 0;
		};
/* End PBXResourcesBuildPhase section */

/* Begin PBXSourcesBuildPhase section */
		3894FA512EBB4B57004AB953 /* Sources */ = {
			isa = PBXSourcesBuildPhase;
			buildActionMask = 2147483647;
			files = (
			);
			runOnlyForDeploymentPostprocessing = 0;
		};
		3894FA5E2EBB4B59004AB953 /* Sources */ = {
			isa = PBXSourcesBuildPhase;
			buildActionMask = 2147483647;
			files = (
			);
			runOnlyForDeploymentPostprocessing = 0;
		};
		3894FA682EBB4B59004AB953 /* Sources */ = {
			isa = PBXSourcesBuildPhase;
			buildActionMask = 2147483647;
			files = (
			);
			runOnlyForDeploymentPostprocessing = 0;
		};
/* End PBXSourcesBuildPhase section */

/* Begin PBXTargetDependency section */
		3894FA642EBB4B59004AB953 /* PBXTargetDependency */ = {
			isa = PBXTargetDependency;
			target = 3894FA542EBB4B57004AB953 /* My_Birdle */;
			targetProxy = 3894FA632EBB4B59004AB953 /* PBXContainerItemProxy */;
		};
		3894FA6E2EBB4B59004AB953 /* PBXTargetDependency */ = {
			isa = PBXTargetDependency;
			target = 3894FA542EBB4B57004AB953 /* My_Birdle */;
			targetProxy = 3894FA6D2EBB4B59004AB953 /* PBXContainerItemProxy */;
		};
/* End PBXTargetDependency section */

/* Begin XCBuildConfiguration section */
		3894FA742EBB4B59004AB953 /* Debug */ = {
			isa = XCBuildConfiguration;
			buildSettings = {
				ALWAYS_SEARCH_USER_PATHS = NO;
				ASSETCATALOG_COMPILER_GENERATE_SWIFT_ASSET_SYMBOL_EXTENSIONS = YES;
				CLANG_ANALYZER_NONNULL = YES;
				CLANG_ANALYZER_NUMBER_OBJECT_CONVERSION = YES_AGGRESSIVE;
				CLANG_CXX_LANGUAGE_STANDARD = "gnu++20";
				CLANG_ENABLE_MODULES = YES;
				CLANG_ENABLE_OBJC_ARC = YES;
				CLANG_ENABLE_OBJC_WEAK = YES;
				CLANG_WARN_BLOCK_CAPTURE_AUTORELEASING = YES;
				CLANG_WARN_BOOL_CONVERSION = YES;
				CLANG_WARN_COMMA = YES;
				CLANG_WARN_CONSTANT_CONVERSION = YES;
				CLANG_WARN_DEPRECATED_OBJC_IMPLEMENTATIONS = YES;
				CLANG_WARN_DIRECT_OBJC_ISA_USAGE = YES_ERROR;
				CLANG_WARN_DOCUMENTATION_COMMENTS = YES;
				CLANG_WARN_EMPTY_BODY = YES;
				CLANG_WARN_ENUM_CONVERSION = YES;
				CLANG_WARN_INFINITE_RECURSION = YES;
				CLANG_WARN_INT_CONVERSION = YES;
				CLANG_WARN_NON_LITERAL_NULL_CONVERSION = YES;
				CLANG_WARN_OBJC_IMPLICIT_RETAIN_SELF = YES;
				CLANG_WARN_OBJC_LITERAL_CONVERSION = YES;
				CLANG_WARN_OBJC_ROOT_CLASS = YES_ERROR;
				CLANG_WARN_QUOTED_INCLUDE_IN_FRAMEWORK_HEADER = YES;
				CLANG_WARN_RANGE_LOOP_ANALYSIS = YES;
				CLANG_WARN_STRICT_PROTOTYPES = YES;
				CLANG_WARN_SUSPICIOUS_MOVE = YES;
				CLANG_WARN_UNGUARDED_AVAILABILITY = YES_AGGRESSIVE;
				CLANG_WARN_UNREACHABLE_CODE = YES;
				CLANG_WARN__DUPLICATE_METHOD_MATCH = YES;
				COPY_PHASE_STRIP = NO;
				DEBUG_INFORMATION_FORMAT = dwarf;
				ENABLE_STRICT_OBJC_MSGSEND = YES;
				ENABLE_TESTABILITY = YES;
				ENABLE_USER_SCRIPT_SANDBOXING = YES;
				GCC_C_LANGUAGE_STANDARD = gnu17;
				GCC_DYNAMIC_NO_PIC = NO;
				GCC_NO_COMMON_BLOCKS = YES;
				GCC_OPTIMIZATION_LEVEL = 0;
				GCC_PREPROCESSOR_DEFINITIONS = (
					"DEBUG=1",
					"$(inherited)",
				);
				GCC_WARN_64_TO_32_BIT_CONVERSION = YES;
				GCC_WARN_ABOUT_RETURN_TYPE = YES_ERROR;
				GCC_WARN_UNDECLARED_SELECTOR = YES;
				GCC_WARN_UNINITIALIZED_AUTOS = YES_AGGRESSIVE;
				GCC_WARN_UNUSED_FUNCTION = YES;
				GCC_WARN_UNUSED_VARIABLE = YES;
				IPHONEOS_DEPLOYMENT_TARGET = 18.5;
				LOCALIZATION_PREFERS_STRING_CATALOGS = YES;
				MTL_ENABLE_DEBUG_INFO = INCLUDE_SOURCE;
				MTL_FAST_MATH = YES;
				ONLY_ACTIVE_ARCH = YES;
				SDKROOT = iphoneos;
				SWIFT_ACTIVE_COMPILATION_CONDITIONS = "DEBUG $(inherited)";
				SWIFT_OPTIMIZATION_LEVEL = "-Onone";
			};
			name = Debug;
		};
		3894FA752EBB4B59004AB953 /* Release */ = {
			isa = XCBuildConfiguration;
			buildSettings = {
				ALWAYS_SEARCH_USER_PATHS = NO;
				ASSETCATALOG_COMPILER_GENERATE_SWIFT_ASSET_SYMBOL_EXTENSIONS = YES;
				CLANG_ANALYZER_NONNULL = YES;
				CLANG_ANALYZER_NUMBER_OBJECT_CONVERSION = YES_AGGRESSIVE;
				CLANG_CXX_LANGUAGE_STANDARD = "gnu++20";
				CLANG_ENABLE_MODULES = YES;
				CLANG_ENABLE_OBJC_ARC = YES;
				CLANG_ENABLE_OBJC_WEAK = YES;
				CLANG_WARN_BLOCK_CAPTURE_AUTORELEASING = YES;
				CLANG_WARN_BOOL_CONVERSION = YES;
				CLANG_WARN_COMMA = YES;
				CLANG_WARN_CONSTANT_CONVERSION = YES;
				CLANG_WARN_DEPRECATED_OBJC_IMPLEMENTATIONS = YES;
				CLANG_WARN_DIRECT_OBJC_ISA_USAGE = YES_ERROR;
				CLANG_WARN_DOCUMENTATION_COMMENTS = YES;
				CLANG_WARN_EMPTY_BODY = YES;
				CLANG_WARN_ENUM_CONVERSION = YES;
				CLANG_WARN_INFINITE_RECURSION = YES;
				CLANG_WARN_INT_CONVERSION = YES;
				CLANG_WARN_NON_LITERAL_NULL_CONVERSION = YES;
				CLANG_WARN_OBJC_IMPLICIT_RETAIN_SELF = YES;
				CLANG_WARN_OBJC_LITERAL_CONVERSION = YES;
				CLANG_WARN_OBJC_ROOT_CLASS = YES_ERROR;
				CLANG_WARN_QUOTED_INCLUDE_IN_FRAMEWORK_HEADER = YES;
				CLANG_WARN_RANGE_LOOP_ANALYSIS = YES;
				CLANG_WARN_STRICT_PROTOTYPES = YES;
				CLANG_WARN_SUSPICIOUS_MOVE = YES;
				CLANG_WARN_UNGUARDED_AVAILABILITY = YES_AGGRESSIVE;
				CLANG_WARN_UNREACHABLE_CODE = YES;
				CLANG_WARN__DUPLICATE_METHOD_MATCH = YES;
				COPY_PHASE_STRIP = NO;
				DEBUG_INFORMATION_FORMAT = "dwarf-with-dsym";
				ENABLE_NS_ASSERTIONS = NO;
				ENABLE_STRICT_OBJC_MSGSEND = YES;
				ENABLE_USER_SCRIPT_SANDBOXING = YES;
				GCC_C_LANGUAGE_STANDARD = gnu17;
				GCC_NO_COMMON_BLOCKS = YES;
				GCC_WARN_64_TO_32_BIT_CONVERSION = YES;
				GCC_WARN_ABOUT_RETURN_TYPE = YES_ERROR;
				GCC_WARN_UNDECLARED_SELECTOR = YES;
				GCC_WARN_UNINITIALIZED_AUTOS = YES_AGGRESSIVE;
				GCC_WARN_UNUSED_FUNCTION = YES;
				GCC_WARN_UNUSED_VARIABLE = YES;
				IPHONEOS_DEPLOYMENT_TARGET = 18.5;
				LOCALIZATION_PREFERS_STRING_CATALOGS = YES;
				MTL_ENABLE_DEBUG_INFO = NO;
				MTL_FAST_MATH = YES;
				SDKROOT = iphoneos;
				SWIFT_COMPILATION_MODE = wholemodule;
				VALIDATE_PRODUCT = YES;
			};
			name = Release;
		};
		3894FA772EBB4B59004AB953 /* Debug */ = {
			isa = XCBuildConfiguration;
			buildSettings = {
				ASSETCATALOG_COMPILER_APPICON_NAME = AppIcon;
				ASSETCATALOG_COMPILER_GLOBAL_ACCENT_COLOR_NAME = AccentColor;
				CODE_SIGN_STYLE = Automatic;
				CURRENT_PROJECT_VERSION = 1;
				DEVELOPMENT_TEAM = 532Q482DK3;
				ENABLE_PREVIEWS = YES;
				GENERATE_INFOPLIST_FILE = YES;
				INFOPLIST_FILE = "My-Birdle-Info.plist";
				INFOPLIST_KEY_UIApplicationSceneManifest_Generation = YES;
				INFOPLIST_KEY_UIApplicationSupportsIndirectInputEvents = YES;
				INFOPLIST_KEY_UILaunchScreen_Generation = YES;
				INFOPLIST_KEY_UISupportedInterfaceOrientations_iPad = "UIInterfaceOrientationPortrait UIInterfaceOrientationPortraitUpsideDown UIInterfaceOrientationLandscapeLeft UIInterfaceOrientationLandscapeRight";
				INFOPLIST_KEY_UISupportedInterfaceOrientations_iPhone = "UIInterfaceOrientationPortrait UIInterfaceOrientationLandscapeLeft UIInterfaceOrientationLandscapeRight";
				LD_RUNPATH_SEARCH_PATHS = (
					"$(inherited)",
					"@executable_path/Frameworks",
				);
				MARKETING_VERSION = 1.0;
				PRODUCT_BUNDLE_IDENTIFIER = "au.edu.unisa.stem.My-Birdle";
				PRODUCT_NAME = "$(TARGET_NAME)";
				SWIFT_EMIT_LOC_STRINGS = YES;
				SWIFT_VERSION = 5.0;
				TARGETED_DEVICE_FAMILY = "1,2";
			};
			name = Debug;
		};
		3894FA782EBB4B59004AB953 /* Release */ = {
			isa = XCBuildConfiguration;
			buildSettings = {
				ASSETCATALOG_COMPILER_APPICON_NAME = AppIcon;
				ASSETCATALOG_COMPILER_GLOBAL_ACCENT_COLOR_NAME = AccentColor;
				CODE_SIGN_STYLE = Automatic;
				CURRENT_PROJECT_VERSION = 1;
				DEVELOPMENT_TEAM = 532Q482DK3;
				ENABLE_PREVIEWS = YES;
				GENERATE_INFOPLIST_FILE = YES;
				INFOPLIST_FILE = "My-Birdle-Info.plist";
				INFOPLIST_KEY_UIApplicationSceneManifest_Generation = YES;
				INFOPLIST_KEY_UIApplicationSupportsIndirectInputEvents = YES;
				INFOPLIST_KEY_UILaunchScreen_Generation = YES;
				INFOPLIST_KEY_UISupportedInterfaceOrientations_iPad = "UIInterfaceOrientationPortrait UIInterfaceOrientationPortraitUpsideDown UIInterfaceOrientationLandscapeLeft UIInterfaceOrientationLandscapeRight";
				INFOPLIST_KEY_UISupportedInterfaceOrientations_iPhone = "UIInterfaceOrientationPortrait UIInterfaceOrientationLandscapeLeft UIInterfaceOrientationLandscapeRight";
				LD_RUNPATH_SEARCH_PATHS = (
					"$(inherited)",
					"@executable_path/Frameworks",
				);
				MARKETING_VERSION = 1.0;
				PRODUCT_BUNDLE_IDENTIFIER = "au.edu.unisa.stem.My-Birdle";
				PRODUCT_NAME = "$(TARGET_NAME)";
				SWIFT_EMIT_LOC_STRINGS = YES;
				SWIFT_VERSION = 5.0;
				TARGETED_DEVICE_FAMILY = "1,2";
			};
			name = Release;
		};
		3894FA7A2EBB4B59004AB953 /* Debug */ = {
			isa = XCBuildConfiguration;
			buildSettings = {
				BUNDLE_LOADER = "$(TEST_HOST)";
				CODE_SIGN_STYLE = Automatic;
				CURRENT_PROJECT_VERSION = 1;
				GENERATE_INFOPLIST_FILE = YES;
				IPHONEOS_DEPLOYMENT_TARGET = 18.5;
				MARKETING_VERSION = 1.0;
				PRODUCT_BUNDLE_IDENTIFIER = "au.edu.unisa.stem.My-BirdleTests";
				PRODUCT_NAME = "$(TARGET_NAME)";
				SWIFT_EMIT_LOC_STRINGS = NO;
				SWIFT_VERSION = 5.0;
				TARGETED_DEVICE_FAMILY = "1,2";
				TEST_HOST = "$(BUILT_PRODUCTS_DIR)/My_Birdle.app/$(BUNDLE_EXECUTABLE_FOLDER_PATH)/My_Birdle";
			};
			name = Debug;
		};
		3894FA7B2EBB4B59004AB953 /* Release */ = {
			isa = XCBuildConfiguration;
			buildSettings = {
				BUNDLE_LOADER = "$(TEST_HOST)";
				CODE_SIGN_STYLE = Automatic;
				CURRENT_PROJECT_VERSION = 1;
				GENERATE_INFOPLIST_FILE = YES;
				IPHONEOS_DEPLOYMENT_TARGET = 18.5;
				MARKETING_VERSION = 1.0;
				PRODUCT_BUNDLE_IDENTIFIER = "au.edu.unisa.stem.My-BirdleTests";
				PRODUCT_NAME = "$(TARGET_NAME)";
				SWIFT_EMIT_LOC_STRINGS = NO;
				SWIFT_VERSION = 5.0;
				TARGETED_DEVICE_FAMILY = "1,2";
				TEST_HOST = "$(BUILT_PRODUCTS_DIR)/My_Birdle.app/$(BUNDLE_EXECUTABLE_FOLDER_PATH)/My_Birdle";
			};
			name = Release;
		};
		3894FA7D2EBB4B59004AB953 /* Debug */ = {
			isa = XCBuildConfiguration;
			buildSettings = {
				CODE_SIGN_STYLE = Automatic;
				CURRENT_PROJECT_VERSION = 1;
				GENERATE_INFOPLIST_FILE = YES;
				MARKETING_VERSION = 1.0;
				PRODUCT_BUNDLE_IDENTIFIER = "au.edu.unisa.stem.My-BirdleUITests";
				PRODUCT_NAME = "$(TARGET_NAME)";
				SWIFT_EMIT_LOC_STRINGS = NO;
				SWIFT_VERSION = 5.0;
				TARGETED_DEVICE_FAMILY = "1,2";
				TEST_TARGET_NAME = My_Birdle;
			};
			name = Debug;
		};
		3894FA7E2EBB4B59004AB953 /* Release */ = {
			isa = XCBuildConfiguration;
			buildSettings = {
				CODE_SIGN_STYLE = Automatic;
				CURRENT_PROJECT_VERSION = 1;
				GENERATE_INFOPLIST_FILE = YES;
				MARKETING_VERSION = 1.0;
				PRODUCT_BUNDLE_IDENTIFIER = "au.edu.unisa.stem.My-BirdleUITests";
				PRODUCT_NAME = "$(TARGET_NAME)";
				SWIFT_EMIT_LOC_STRINGS = NO;
				SWIFT_VERSION = 5.0;
				TARGETED_DEVICE_FAMILY = "1,2";
				TEST_TARGET_NAME = My_Birdle;
			};
			name = Release;
		};
/* End XCBuildConfiguration section */

/* Begin XCConfigurationList section */
		3894FA502EBB4B57004AB953 /* Build configuration list for PBXProject "My_Birdle" */ = {
			isa = XCConfigurationList;
			buildConfigurations = (
				3894FA742EBB4B59004AB953 /* Debug */,
				3894FA752EBB4B59004AB953 /* Release */,
			);
			defaultConfigurationIsVisible = 0;
			defaultConfigurationName = Release;
		};
		3894FA762EBB4B59004AB953 /* Build configuration list for PBXNativeTarget "My_Birdle" */ = {
			isa = XCConfigurationList;
			buildConfigurations = (
				3894FA772EBB4B59004AB953 /* Debug */,
				3894FA782EBB4B59004AB953 /* Release */,
			);
			defaultConfigurationIsVisible = 0;
			defaultConfigurationName = Release;
		};
		3894FA792EBB4B59004AB953 /* Build configuration list for PBXNativeTarget "My_BirdleTests" */ = {
			isa = XCConfigurationList;
			buildConfigurations = (
				3894FA7A2EBB4B59004AB953 /* Debug */,
				3894FA7B2EBB4B59004AB953 /* Release */,
			);
			defaultConfigurationIsVisible = 0;
			defaultConfigurationName = Release;
		};
		3894FA7C2EBB4B59004AB953 /* Build configuration list for PBXNativeTarget "My_BirdleUITests" */ = {
			isa = XCConfigurationList;
			buildConfigurations = (
				3894FA7D2EBB4B59004AB953 /* Debug */,
				3894FA7E2EBB4B59004AB953 /* Release */,
			);
			defaultConfigurationIsVisible = 0;
			defaultConfigurationName = Release;
		};
/* End XCConfigurationList section */
	};
	rootObject = 3894FA4D2EBB4B57004AB953 /* Project object */;
}
